
Microsoft Visual Studio Solution File, Format Version 12.00
# Visual Studio 14
VisualStudioVersion = 14.0.25420.1
MinimumVisualStudioVersion = 10.0.40219.1
Project("{FAE04EC0-301F-11D3-BF4B-00C04F79EFBC}") = "Algorithms", "Algorithms\Algorithms.csproj", "{BF4C01E5-C573-4665-903D-1B9E8C65CEA4}"
EndProject
Project("{FAE04EC0-301F-11D3-BF4B-00C04F79EFBC}") = "AlgorithmCommandLine", "AlgorithmCommandLine\AlgorithmCommandLine.csproj", "{C149F565-1F01-4789-ABB6-AD4D7DD3167C}"
EndProject
Project("{FAE04EC0-301F-11D3-BF4B-00C04F79EFBC}") = "UnitTest", "AlgorithmUnitTest\UnitTest.csproj", "{EE2C696D-7C75-401E-BF1A-D0481108BB8B}"
EndProject
Project("{FAE04EC0-301F-11D3-BF4B-00C04F79EFBC}") = "Contract", "Contract\Contract.csproj", "{AB26E728-9D04-436F-B695-6226A8285A2B}"
EndProject
Global
	GlobalSection(SolutionConfigurationPlatforms) = preSolution
		Debug|Any CPU = Debug|Any CPU
		Release|Any CPU = Release|Any CPU
	EndGlobalSection
	GlobalSection(ProjectConfigurationPlatforms) = postSolution
		{BF4C01E5-C573-4665-903D-1B9E8C65CEA4}.Debug|Any CPU.ActiveCfg = Debug|Any CPU
		{BF4C01E5-C573-4665-903D-1B9E8C65CEA4}.Debug|Any CPU.Build.0 = Debug|Any CPU
		{BF4C01E5-C573-4665-903D-1B9E8C65CEA4}.Release|Any CPU.ActiveCfg = Release|Any CPU
		{BF4C01E5-C573-4665-903D-1B9E8C65CEA4}.Release|Any CPU.Build.0 = Release|Any CPU
		{C149F565-1F01-4789-ABB6-AD4D7DD3167C}.Debug|Any CPU.ActiveCfg = Debug|Any CPU
		{C149F565-1F01-4789-ABB6-AD4D7DD3167C}.Debug|Any CPU.Build.0 = Debug|Any CPU
		{C149F565-1F01-4789-ABB6-AD4D7DD3167C}.Release|Any CPU.ActiveCfg = Release|Any CPU
		{C149F565-1F01-4789-ABB6-AD4D7DD3167C}.Release|Any CPU.Build.0 = Release|Any CPU
		{EE2C696D-7C75-401E-BF1A-D0481108BB8B}.Debug|Any CPU.ActiveCfg = Debug|Any CPU
		{EE2C696D-7C75-401E-BF1A-D0481108BB8B}.Debug|Any CPU.Build.0 = Debug|Any CPU
		{EE2C696D-7C75-401E-BF1A-D0481108BB8B}.Release|Any CPU.ActiveCfg = Release|Any CPU
		{EE2C696D-7C75-401E-BF1A-D0481108BB8B}.Release|Any CPU.Build.0 = Release|Any CPU
		{AB26E728-9D04-436F-B695-6226A8285A2B}.Debug|Any CPU.ActiveCfg = Debug|Any CPU
		{AB26E728-9D04-436F-B695-6226A8285A2B}.Debug|Any CPU.Build.0 = Debug|Any CPU
		{AB26E728-9D04-436F-B695-6226A8285A2B}.Release|Any CPU.ActiveCfg = Release|Any CPU
		{AB26E728-9D04-436F-B695-6226A8285A2B}.Release|Any CPU.Build.0 = Release|Any CPU
	EndGlobalSection
	GlobalSection(SolutionProperties) = preSolution
		HideSolutionNode = FALSE
	EndGlobalSection
EndGlobal
